# THIS IS AN AUTOGENERATED FILE. DO NOT EDIT THIS FILE DIRECTLY.
# yarn lockfile v1


lodash@^4.17.10:
  version "4.17.20"
  resolved "https://registry.yarnpkg.com/lodash/-/lodash-4.17.20.tgz#b44a9b6297bcb698f1c51a3545a2b3b368d59c52"
  integrity sha512-PlhdFcillOINfeV7Ni6oF1TAEayyZBoZ8bcshTHqOYJYlrqzRK5hagpagky5o4HfCzzd1TRkXPMFq6cKk9rGmA==

serverless-plugin-aws-alerts@^1.6.1:
  version "1.6.1"
  resolved "https://registry.yarnpkg.com/serverless-plugin-aws-alerts/-/serverless-plugin-aws-alerts-1.6.1.tgz#433e0e781c6c49b29cb61f18bd72522beb06681e"
  integrity sha512-ylw60cZkjDFtTR08eEKcIU5CHK0PD8TLmTERZ0V4Aoo7cDqT/a9Lr4Ke9U2yBabxrRRqCg1zzZ9QqtQL99YlZA==
  dependencies:
    lodash "^4.17.10"
